
Microsoft Visual Studio Solution File, Format Version 12.00
# Visual Studio Version 17
VisualStudioVersion = 17.4.33110.190
MinimumVisualStudioVersion = 10.0.40219.1
Project("{FAE04EC0-301F-11D3-BF4B-00C04F79EFBC}") = "Logistic.Admin", "Logistic\Logistic.Admin.csproj", "{870F50CF-2D05-412F-B71E-B885198F9806}"
EndProject
Project("{FAE04EC0-301F-11D3-BF4B-00C04F79EFBC}") = "Logistic.Domain", "Logistic.Domain\Logistic.Domain.csproj", "{18188272-5C1F-4BF9-8785-5CC23C7AAF1E}"
EndProject
Project("{FAE04EC0-301F-11D3-BF4B-00C04F79EFBC}") = "Logistic.User", "Logistic.User\Logistic.User.csproj", "{03582BCB-AF61-40A4-BD29-28A34D296AC9}"
	ProjectSection(ProjectDependencies) = postProject
		{18188272-5C1F-4BF9-8785-5CC23C7AAF1E} = {18188272-5C1F-4BF9-8785-5CC23C7AAF1E}
	EndProjectSection
EndProject
Global
	GlobalSection(SolutionConfigurationPlatforms) = preSolution
		Debug|Any CPU = Debug|Any CPU
		Release|Any CPU = Release|Any CPU
	EndGlobalSection
	GlobalSection(ProjectConfigurationPlatforms) = postSolution
		{870F50CF-2D05-412F-B71E-B885198F9806}.Debug|Any CPU.ActiveCfg = Debug|Any CPU
		{870F50CF-2D05-412F-B71E-B885198F9806}.Debug|Any CPU.Build.0 = Debug|Any CPU
		{870F50CF-2D05-412F-B71E-B885198F9806}.Release|Any CPU.ActiveCfg = Release|Any CPU
		{870F50CF-2D05-412F-B71E-B885198F9806}.Release|Any CPU.Build.0 = Release|Any CPU
		{18188272-5C1F-4BF9-8785-5CC23C7AAF1E}.Debug|Any CPU.ActiveCfg = Debug|Any CPU
		{18188272-5C1F-4BF9-8785-5CC23C7AAF1E}.Debug|Any CPU.Build.0 = Debug|Any CPU
		{18188272-5C1F-4BF9-8785-5CC23C7AAF1E}.Release|Any CPU.ActiveCfg = Release|Any CPU
		{18188272-5C1F-4BF9-8785-5CC23C7AAF1E}.Release|Any CPU.Build.0 = Release|Any CPU
		{03582BCB-AF61-40A4-BD29-28A34D296AC9}.Debug|Any CPU.ActiveCfg = Debug|Any CPU
		{03582BCB-AF61-40A4-BD29-28A34D296AC9}.Debug|Any CPU.Build.0 = Debug|Any CPU
		{03582BCB-AF61-40A4-BD29-28A34D296AC9}.Release|Any CPU.ActiveCfg = Release|Any CPU
		{03582BCB-AF61-40A4-BD29-28A34D296AC9}.Release|Any CPU.Build.0 = Release|Any CPU
	EndGlobalSection
	GlobalSection(SolutionProperties) = preSolution
		HideSolutionNode = FALSE
	EndGlobalSection
	GlobalSection(ExtensibilityGlobals) = postSolution
		SolutionGuid = {20023960-8DD0-4C3E-B9C5-D79FFC8A10EC}
	EndGlobalSection
EndGlobal
